
Microsoft Visual Studio Solution File, Format Version 12.00
# Visual Studio Version 17
VisualStudioVersion = 17.1.32421.90
MinimumVisualStudioVersion = 10.0.40219.1
Project("{2150E333-8FDC-42A3-9474-1A3956D46DE8}") = "src", "src", "{44F7A3FA-B4A0-45EB-84A8-95A9765B4AC5}"
EndProject
Project("{2150E333-8FDC-42A3-9474-1A3956D46DE8}") = "Common", "Common", "{92196CD8-F38B-4774-9DDF-28AC6DE420A0}"
EndProject
Project("{2150E333-8FDC-42A3-9474-1A3956D46DE8}") = "Services", "Services", "{EC2A274B-7925-4D45-89D6-6BE90B305B6E}"
EndProject
Project("{9A19103F-16F7-4668-BE54-9A1E7A4F7556}") = "EventBusRabbitMQ", "src\Common\EventBusRabbitMQ\EventBusRabbitMQ.csproj", "{68B94538-D280-46B0-BF0A-AADC3F7F6A33}"
EndProject
Project("{2150E333-8FDC-42A3-9474-1A3956D46DE8}") = "LoginService", "LoginService", "{BDC34929-9948-4FE7-9742-F996D1F3059F}"
EndProject
Project("{2150E333-8FDC-42A3-9474-1A3956D46DE8}") = "CatalogService", "CatalogService", "{BCD010CE-7851-486A-B10C-D11E9C43DECB}"
EndProject
Project("{2150E333-8FDC-42A3-9474-1A3956D46DE8}") = "CartService", "CartService", "{5E5AC1A7-46AF-46A8-B9C8-4D9BC6C6B0FB}"
EndProject
Project("{2150E333-8FDC-42A3-9474-1A3956D46DE8}") = "OrderService", "OrderService", "{C5F3A404-F526-4A1D-BCF8-B85EDD933B05}"
EndProject
Project("{9A19103F-16F7-4668-BE54-9A1E7A4F7556}") = "CatalogService", "src\Services\CatalogService\CatalogService\CatalogService.csproj", "{741942DE-2D49-47C6-883F-188B47928C5E}"
EndProject
Project("{9A19103F-16F7-4668-BE54-9A1E7A4F7556}") = "LoginService", "src\Services\LoginService\LoginService\LoginService.csproj", "{A01FEC2F-8271-497C-8504-7CB43EF48C17}"
EndProject
Project("{9A19103F-16F7-4668-BE54-9A1E7A4F7556}") = "OrderService", "src\Services\OrderService\OrderService\OrderService.csproj", "{B194FD19-341A-4028-9E70-70A5E29C7B26}"
EndProject
Project("{E53339B2-1760-4266-BCC7-CA923CBCF16C}") = "docker-compose", "docker-compose.dcproj", "{CDE0E02F-B449-4570-A7A0-8D632983A49A}"
EndProject
Project("{9A19103F-16F7-4668-BE54-9A1E7A4F7556}") = "CartService", "src\Services\CartService\CartService\CartService.csproj", "{50E2E1E4-BE78-4D09-B2CE-71D33162292C}"
EndProject
Global
	GlobalSection(SolutionConfigurationPlatforms) = preSolution
		Debug|Any CPU = Debug|Any CPU
		Release|Any CPU = Release|Any CPU
	EndGlobalSection
	GlobalSection(ProjectConfigurationPlatforms) = postSolution
		{68B94538-D280-46B0-BF0A-AADC3F7F6A33}.Debug|Any CPU.ActiveCfg = Debug|Any CPU
		{68B94538-D280-46B0-BF0A-AADC3F7F6A33}.Debug|Any CPU.Build.0 = Debug|Any CPU
		{68B94538-D280-46B0-BF0A-AADC3F7F6A33}.Release|Any CPU.ActiveCfg = Release|Any CPU
		{68B94538-D280-46B0-BF0A-AADC3F7F6A33}.Release|Any CPU.Build.0 = Release|Any CPU
		{741942DE-2D49-47C6-883F-188B47928C5E}.Debug|Any CPU.ActiveCfg = Debug|Any CPU
		{741942DE-2D49-47C6-883F-188B47928C5E}.Debug|Any CPU.Build.0 = Debug|Any CPU
		{741942DE-2D49-47C6-883F-188B47928C5E}.Release|Any CPU.ActiveCfg = Release|Any CPU
		{741942DE-2D49-47C6-883F-188B47928C5E}.Release|Any CPU.Build.0 = Release|Any CPU
		{A01FEC2F-8271-497C-8504-7CB43EF48C17}.Debug|Any CPU.ActiveCfg = Debug|Any CPU
		{A01FEC2F-8271-497C-8504-7CB43EF48C17}.Debug|Any CPU.Build.0 = Debug|Any CPU
		{A01FEC2F-8271-497C-8504-7CB43EF48C17}.Release|Any CPU.ActiveCfg = Release|Any CPU
		{A01FEC2F-8271-497C-8504-7CB43EF48C17}.Release|Any CPU.Build.0 = Release|Any CPU
		{B194FD19-341A-4028-9E70-70A5E29C7B26}.Debug|Any CPU.ActiveCfg = Debug|Any CPU
		{B194FD19-341A-4028-9E70-70A5E29C7B26}.Debug|Any CPU.Build.0 = Debug|Any CPU
		{B194FD19-341A-4028-9E70-70A5E29C7B26}.Release|Any CPU.ActiveCfg = Release|Any CPU
		{B194FD19-341A-4028-9E70-70A5E29C7B26}.Release|Any CPU.Build.0 = Release|Any CPU
		{CDE0E02F-B449-4570-A7A0-8D632983A49A}.Debug|Any CPU.ActiveCfg = Debug|Any CPU
		{CDE0E02F-B449-4570-A7A0-8D632983A49A}.Debug|Any CPU.Build.0 = Debug|Any CPU
		{CDE0E02F-B449-4570-A7A0-8D632983A49A}.Release|Any CPU.ActiveCfg = Release|Any CPU
		{CDE0E02F-B449-4570-A7A0-8D632983A49A}.Release|Any CPU.Build.0 = Release|Any CPU
		{50E2E1E4-BE78-4D09-B2CE-71D33162292C}.Debug|Any CPU.ActiveCfg = Debug|Any CPU
		{50E2E1E4-BE78-4D09-B2CE-71D33162292C}.Debug|Any CPU.Build.0 = Debug|Any CPU
		{50E2E1E4-BE78-4D09-B2CE-71D33162292C}.Release|Any CPU.ActiveCfg = Release|Any CPU
		{50E2E1E4-BE78-4D09-B2CE-71D33162292C}.Release|Any CPU.Build.0 = Release|Any CPU
	EndGlobalSection
	GlobalSection(SolutionProperties) = preSolution
		HideSolutionNode = FALSE
	EndGlobalSection
	GlobalSection(NestedProjects) = preSolution
		{92196CD8-F38B-4774-9DDF-28AC6DE420A0} = {44F7A3FA-B4A0-45EB-84A8-95A9765B4AC5}
		{EC2A274B-7925-4D45-89D6-6BE90B305B6E} = {44F7A3FA-B4A0-45EB-84A8-95A9765B4AC5}
		{68B94538-D280-46B0-BF0A-AADC3F7F6A33} = {92196CD8-F38B-4774-9DDF-28AC6DE420A0}
		{BDC34929-9948-4FE7-9742-F996D1F3059F} = {EC2A274B-7925-4D45-89D6-6BE90B305B6E}
		{BCD010CE-7851-486A-B10C-D11E9C43DECB} = {EC2A274B-7925-4D45-89D6-6BE90B305B6E}
		{5E5AC1A7-46AF-46A8-B9C8-4D9BC6C6B0FB} = {EC2A274B-7925-4D45-89D6-6BE90B305B6E}
		{C5F3A404-F526-4A1D-BCF8-B85EDD933B05} = {EC2A274B-7925-4D45-89D6-6BE90B305B6E}
		{741942DE-2D49-47C6-883F-188B47928C5E} = {BCD010CE-7851-486A-B10C-D11E9C43DECB}
		{A01FEC2F-8271-497C-8504-7CB43EF48C17} = {BDC34929-9948-4FE7-9742-F996D1F3059F}
		{B194FD19-341A-4028-9E70-70A5E29C7B26} = {C5F3A404-F526-4A1D-BCF8-B85EDD933B05}
		{50E2E1E4-BE78-4D09-B2CE-71D33162292C} = {5E5AC1A7-46AF-46A8-B9C8-4D9BC6C6B0FB}
	EndGlobalSection
	GlobalSection(ExtensibilityGlobals) = postSolution
		SolutionGuid = {0E3ACCE3-7BEB-4CB4-B24D-913B024FEAEE}
	EndGlobalSection
EndGlobal
